
Microsoft Visual Studio Solution File, Format Version 12.00
# Visual Studio Version 17
VisualStudioVersion = 17.11.35327.3
MinimumVisualStudioVersion = 10.0.40219.1
Project("{FAE04EC0-301F-11D3-BF4B-00C04F79EFBC}") = "04.02.2025", "04.02.2025\04.02.2025.csproj", "{D1DDC300-219D-4825-9F21-6BD7ED281AB6}"
EndProject
Global
	GlobalSection(SolutionConfigurationPlatforms) = preSolution
		Debug|Any CPU = Debug|Any CPU
		Release|Any CPU = Release|Any CPU
	EndGlobalSection
	GlobalSection(ProjectConfigurationPlatforms) = postSolution
		{D1DDC300-219D-4825-9F21-6BD7ED281AB6}.Debug|Any CPU.ActiveCfg = Debug|Any CPU
		{D1DDC300-219D-4825-9F21-6BD7ED281AB6}.Debug|Any CPU.Build.0 = Debug|Any CPU
		{D1DDC300-219D-4825-9F21-6BD7ED281AB6}.Release|Any CPU.ActiveCfg = Release|Any CPU
		{D1DDC300-219D-4825-9F21-6BD7ED281AB6}.Release|Any CPU.Build.0 = Release|Any CPU
	EndGlobalSection
	GlobalSection(SolutionProperties) = preSolution
		HideSolutionNode = FALSE
	EndGlobalSection
	GlobalSection(ExtensibilityGlobals) = postSolution
		SolutionGuid = {53EC0525-FF2A-4254-A0FC-4A595782DAB3}
	EndGlobalSection
EndGlobal
