
Microsoft Visual Studio Solution File, Format Version 12.00
# Visual Studio Version 17
VisualStudioVersion = 17.12.35514.174 d17.12
MinimumVisualStudioVersion = 10.0.40219.1
Project("{FAE04EC0-301F-11D3-BF4B-00C04F79EFBC}") = "MoneyQuiz.ConsoleApp", "MoneyQuiz\MoneyQuiz.ConsoleApp.csproj", "{427B6191-9C05-4276-A596-B0544088D930}"
EndProject
Project("{FAE04EC0-301F-11D3-BF4B-00C04F79EFBC}") = "MoneyQuiz.Core", "MoneyQuiz.Core\MoneyQuiz.Core.csproj", "{2CE65048-B4AF-4D93-851D-BB63062CFA1D}"
EndProject
Project("{FAE04EC0-301F-11D3-BF4B-00C04F79EFBC}") = "MoneyQuiz.Data", "MoneyQuiz.Data\MoneyQuiz.Data.csproj", "{106116AE-48CB-408B-84BD-DF10DD8BCBAC}"
EndProject
Global
	GlobalSection(SolutionConfigurationPlatforms) = preSolution
		Debug|Any CPU = Debug|Any CPU
		Release|Any CPU = Release|Any CPU
	EndGlobalSection
	GlobalSection(ProjectConfigurationPlatforms) = postSolution
		{427B6191-9C05-4276-A596-B0544088D930}.Debug|Any CPU.ActiveCfg = Debug|Any CPU
		{427B6191-9C05-4276-A596-B0544088D930}.Debug|Any CPU.Build.0 = Debug|Any CPU
		{427B6191-9C05-4276-A596-B0544088D930}.Release|Any CPU.ActiveCfg = Release|Any CPU
		{427B6191-9C05-4276-A596-B0544088D930}.Release|Any CPU.Build.0 = Release|Any CPU
		{2CE65048-B4AF-4D93-851D-BB63062CFA1D}.Debug|Any CPU.ActiveCfg = Debug|Any CPU
		{2CE65048-B4AF-4D93-851D-BB63062CFA1D}.Debug|Any CPU.Build.0 = Debug|Any CPU
		{2CE65048-B4AF-4D93-851D-BB63062CFA1D}.Release|Any CPU.ActiveCfg = Release|Any CPU
		{2CE65048-B4AF-4D93-851D-BB63062CFA1D}.Release|Any CPU.Build.0 = Release|Any CPU
		{106116AE-48CB-408B-84BD-DF10DD8BCBAC}.Debug|Any CPU.ActiveCfg = Debug|Any CPU
		{106116AE-48CB-408B-84BD-DF10DD8BCBAC}.Debug|Any CPU.Build.0 = Debug|Any CPU
		{106116AE-48CB-408B-84BD-DF10DD8BCBAC}.Release|Any CPU.ActiveCfg = Release|Any CPU
		{106116AE-48CB-408B-84BD-DF10DD8BCBAC}.Release|Any CPU.Build.0 = Release|Any CPU
	EndGlobalSection
	GlobalSection(SolutionProperties) = preSolution
		HideSolutionNode = FALSE
	EndGlobalSection
EndGlobal
